// !$*UTF8*$!
{
	archiveVersion = 1;
	classes = {
	};
	objectVersion = 48;
	objects = {

/* Begin PBXBuildFile section */
		2387E7272064E0A40016AAB7 /* AppDelegate.m in Sources */ = {isa = PBXBuildFile; fileRef = 2387E7262064E0A40016AAB7 /* AppDelegate.m */; };
		2387E72F2064E0A40016AAB7 /* Assets.xcassets in Resources */ = {isa = PBXBuildFile; fileRef = 2387E72E2064E0A40016AAB7 /* Assets.xcassets */; };
		2387E7352064E0A40016AAB7 /* main.m in Sources */ = {isa = PBXBuildFile; fileRef = 2387E7342064E0A40016AAB7 /* main.m */; };
		2387E7712064E1760016AAB7 /* View222Controller.m in Sources */ = {isa = PBXBuildFile; fileRef = 2387E7672064E1750016AAB7 /* View222Controller.m */; };
		2387E7722064E1760016AAB7 /* RootTabBarController.m in Sources */ = {isa = PBXBuildFile; fileRef = 2387E7682064E1750016AAB7 /* RootTabBarController.m */; };
		2387E7732064E1760016AAB7 /* View333Controller.m in Sources */ = {isa = PBXBuildFile; fileRef = 2387E76B2064E1750016AAB7 /* View333Controller.m */; };
		2387E7742064E1760016AAB7 /* View111Controller.m in Sources */ = {isa = PBXBuildFile; fileRef = 2387E76C2064E1750016AAB7 /* View111Controller.m */; };
		2387E7752064E1760016AAB7 /* RootNavController.m in Sources */ = {isa = PBXBuildFile; fileRef = 2387E7702064E1750016AAB7 /* RootNavController.m */; };
		2387E7782064E1890016AAB7 /* qidong.mp4 in Resources */ = {isa = PBXBuildFile; fileRef = 2387E7762064E1890016AAB7 /* qidong.mp4 */; };
		2387E7792064E1890016AAB7 /* 111.gif in Resources */ = {isa = PBXBuildFile; fileRef = 2387E7772064E1890016AAB7 /* 111.gif */; };
		2387E77C2064E1BE0016AAB7 /* WSMovieController.m in Sources */ = {isa = PBXBuildFile; fileRef = 2387E77B2064E1BE0016AAB7 /* WSMovieController.m */; };
/* End PBXBuildFile section */

/* Begin PBXFileReference section */
		2387E7222064E0A40016AAB7 /* ZGStartMovie.app */ = {isa = PBXFileReference; explicitFileType = wrapper.application; includeInIndex = 0; path = ZGStartMovie.app; sourceTree = BUILT_PRODUCTS_DIR; };
		2387E7252064E0A40016AAB7 /* AppDelegate.h */ = {isa = PBXFileReference; lastKnownFileType = sourcecode.c.h; path = AppDelegate.h; sourceTree = "<group>"; };
		2387E7262064E0A40016AAB7 /* AppDelegate.m */ = {isa = PBXFileReference; lastKnownFileType = sourcecode.c.objc; path = AppDelegate.m; sourceTree = "<group>"; };
		2387E72E2064E0A40016AAB7 /* Assets.xcassets */ = {isa = PBXFileReference; lastKnownFileType = folder.assetcatalog; path = Assets.xcassets; sourceTree = "<group>"; };
		2387E7332064E0A40016AAB7 /* Info.plist */ = {isa = PBXFileReference; lastKnownFileType = text.plist.xml; path = Info.plist; sourceTree = "<group>"; };
		2387E7342064E0A40016AAB7 /* main.m */ = {isa = PBXFileReference; lastKnownFileType = sourcecode.c.objc; path = main.m; sourceTree = "<group>"; };
		2387E7672064E1750016AAB7 /* View222Controller.m */ = {isa = PBXFileReference; fileEncoding = 4; lastKnownFileType = sourcecode.c.objc; path = View222Controller.m; sourceTree = "<group>"; };
		2387E7682064E1750016AAB7 /* RootTabBarController.m */ = {isa = PBXFileReference; fileEncoding = 4; lastKnownFileType = sourcecode.c.objc; path = RootTabBarController.m; sourceTree = "<group>"; };
		2387E7692064E1750016AAB7 /* View111Controller.h */ = {isa = PBXFileReference; fileEncoding = 4; lastKnownFileType = sourcecode.c.h; path = View111Controller.h; sourceTree = "<group>"; };
		2387E76A2064E1750016AAB7 /* RootNavController.h */ = {isa = PBXFileReference; fileEncoding = 4; lastKnownFileType = sourcecode.c.h; path = RootNavController.h; sourceTree = "<group>"; };
		2387E76B2064E1750016AAB7 /* View333Controller.m */ = {isa = PBXFileReference; fileEncoding = 4; lastKnownFileType = sourcecode.c.objc; path = View333Controller.m; sourceTree = "<group>"; };
		2387E76C2064E1750016AAB7 /* View111Controller.m */ = {isa = PBXFileReference; fileEncoding = 4; lastKnownFileType = sourcecode.c.objc; path = View111Controller.m; sourceTree = "<group>"; };
		2387E76D2064E1750016AAB7 /* RootTabBarController.h */ = {isa = PBXFileReference; fileEncoding = 4; lastKnownFileType = sourcecode.c.h; path = RootTabBarController.h; sourceTree = "<group>"; };
		2387E76E2064E1750016AAB7 /* View222Controller.h */ = {isa = PBXFileReference; fileEncoding = 4; lastKnownFileType = sourcecode.c.h; path = View222Controller.h; sourceTree = "<group>"; };
		2387E76F2064E1750016AAB7 /* View333Controller.h */ = {isa = PBXFileReference; fileEncoding = 4; lastKnownFileType = sourcecode.c.h; path = View333Controller.h; sourceTree = "<group>"; };
		2387E7702064E1750016AAB7 /* RootNavController.m */ = {isa = PBXFileReference; fileEncoding = 4; lastKnownFileType = sourcecode.c.objc; path = RootNavController.m; sourceTree = "<group>"; };
		2387E7762064E1890016AAB7 /* qidong.mp4 */ = {isa = PBXFileReference; lastKnownFileType = file; path = qidong.mp4; sourceTree = "<group>"; };
		2387E7772064E1890016AAB7 /* 111.gif */ = {isa = PBXFileReference; lastKnownFileType = image.gif; path = 111.gif; sourceTree = "<group>"; };
		2387E77A2064E1BD0016AAB7 /* WSMovieController.h */ = {isa = PBXFileReference; fileEncoding = 4; lastKnownFileType = sourcecode.c.h; path = WSMovieController.h; sourceTree = "<group>"; };
		2387E77B2064E1BE0016AAB7 /* WSMovieController.m */ = {isa = PBXFileReference; fileEncoding = 4; lastKnownFileType = sourcecode.c.objc; path = WSMovieController.m; sourceTree = "<group>"; };
/* End PBXFileReference section */

/* Begin PBXFrameworksBuildPhase section */
		2387E71F2064E0A40016AAB7 /* Frameworks */ = {
			isa = PBXFrameworksBuildPhase;
			buildActionMask = 2147483647;
			files = (
			);
			runOnlyForDeploymentPostprocessing = 0;
		};
/* End PBXFrameworksBuildPhase section */

/* Begin PBXGroup section */
		2387E7192064E0A40016AAB7 = {
			isa = PBXGroup;
			children = (
				2387E7242064E0A40016AAB7 /* ZGStartMovie */,
				2387E7232064E0A40016AAB7 /* Products */,
			);
			sourceTree = "<group>";
		};
		2387E7232064E0A40016AAB7 /* Products */ = {
			isa = PBXGroup;
			children = (
				2387E7222064E0A40016AAB7 /* ZGStartMovie.app */,
			);
			name = Products;
			sourceTree = "<group>";
		};
		2387E7242064E0A40016AAB7 /* ZGStartMovie */ = {
			isa = PBXGroup;
			children = (
				2387E7662064E1750016AAB7 /* Controller */,
				2387E7252064E0A40016AAB7 /* AppDelegate.h */,
				2387E7262064E0A40016AAB7 /* AppDelegate.m */,
				2387E77A2064E1BD0016AAB7 /* WSMovieController.h */,
				2387E77B2064E1BE0016AAB7 /* WSMovieController.m */,
				2387E7772064E1890016AAB7 /* 111.gif */,
				2387E7762064E1890016AAB7 /* qidong.mp4 */,
				2387E72E2064E0A40016AAB7 /* Assets.xcassets */,
				2387E7332064E0A40016AAB7 /* Info.plist */,
				2387E7342064E0A40016AAB7 /* main.m */,
			);
			path = ZGStartMovie;
			sourceTree = "<group>";
		};
		2387E7662064E1750016AAB7 /* Controller */ = {
			isa = PBXGroup;
			children = (
				2387E7672064E1750016AAB7 /* View222Controller.m */,
				2387E7682064E1750016AAB7 /* RootTabBarController.m */,
				2387E7692064E1750016AAB7 /* View111Controller.h */,
				2387E76A2064E1750016AAB7 /* RootNavController.h */,
				2387E76B2064E1750016AAB7 /* View333Controller.m */,
				2387E76C2064E1750016AAB7 /* View111Controller.m */,
				2387E76D2064E1750016AAB7 /* RootTabBarController.h */,
				2387E76E2064E1750016AAB7 /* View222Controller.h */,
				2387E76F2064E1750016AAB7 /* View333Controller.h */,
				2387E7702064E1750016AAB7 /* RootNavController.m */,
			);
			path = Controller;
			sourceTree = "<group>";
		};
/* End PBXGroup section */

/* Begin PBXNativeTarget section */
		2387E7212064E0A40016AAB7 /* ZGStartMovie */ = {
			isa = PBXNativeTarget;
			buildConfigurationList = 2387E7382064E0A40016AAB7 /* Build configuration list for PBXNativeTarget "ZGStartMovie" */;
			buildPhases = (
				2387E71E2064E0A40016AAB7 /* Sources */,
				2387E71F2064E0A40016AAB7 /* Frameworks */,
				2387E7202064E0A40016AAB7 /* Resources */,
			);
			buildRules = (
			);
			dependencies = (
			);
			name = ZGStartMovie;
			productName = ZGStartMovie;
			productReference = 2387E7222064E0A40016AAB7 /* ZGStartMovie.app */;
			productType = "com.apple.product-type.application";
		};
/* End PBXNativeTarget section */

/* Begin PBXProject section */
		2387E71A2064E0A40016AAB7 /* Project object */ = {
			isa = PBXProject;
			attributes = {
				LastUpgradeCheck = 0920;
				ORGANIZATIONNAME = cn;
				TargetAttributes = {
					2387E7212064E0A40016AAB7 = {
						CreatedOnToolsVersion = 9.2;
						ProvisioningStyle = Automatic;
					};
				};
			};
			buildConfigurationList = 2387E71D2064E0A40016AAB7 /* Build configuration list for PBXProject "ZGStartMovie" */;
			compatibilityVersion = "Xcode 8.0";
			developmentRegion = en;
			hasScannedForEncodings = 0;
			knownRegions = (
				en,
				Base,
			);
			mainGroup = 2387E7192064E0A40016AAB7;
			productRefGroup = 2387E7232064E0A40016AAB7 /* Products */;
			projectDirPath = "";
			projectRoot = "";
			targets = (
				2387E7212064E0A40016AAB7 /* ZGStartMovie */,
			);
		};
/* End PBXProject section */

/* Begin PBXResourcesBuildPhase section */
		2387E7202064E0A40016AAB7 /* Resources */ = {
			isa = PBXResourcesBuildPhase;
			buildActionMask = 2147483647;
			files = (
				2387E7792064E1890016AAB7 /* 111.gif in Resources */,
				2387E72F2064E0A40016AAB7 /* Assets.xcassets in Resources */,
				2387E7782064E1890016AAB7 /* qidong.mp4 in Resources */,
			);
			runOnlyForDeploymentPostprocessing = 0;
		};
/* End PBXResourcesBuildPhase section */

/* Begin PBXSourcesBuildPhase section */
		2387E71E2064E0A40016AAB7 /* Sources */ = {
			isa = PBXSourcesBuildPhase;
			buildActionMask = 2147483647;
			files = (
				2387E7742064E1760016AAB7 /* View111Controller.m in Sources */,
				2387E7722064E1760016AAB7 /* RootTabBarController.m in Sources */,
				2387E7752064E1760016AAB7 /* RootNavController.m in Sources */,
				2387E7732064E1760016AAB7 /* View333Controller.m in Sources */,
				2387E77C2064E1BE0016AAB7 /* WSMovieController.m in Sources */,
				2387E7352064E0A40016AAB7 /* main.m in Sources */,
				2387E7272064E0A40016AAB7 /* AppDelegate.m in Sources */,
				2387E7712064E1760016AAB7 /* View222Controller.m in Sources */,
			);
			runOnlyForDeploymentPostprocessing = 0;
		};
/* End PBXSourcesBuildPhase section */

/* Begin XCBuildConfiguration section */
		2387E7362064E0A40016AAB7 /* Debug */ = {
			isa = XCBuildConfiguration;
			buildSettings = {
				ALWAYS_SEARCH_USER_PATHS = NO;
				CLANG_ANALYZER_NONNULL = YES;
				CLANG_ANALYZER_NUMBER_OBJECT_CONVERSION = YES_AGGRESSIVE;
				CLANG_CXX_LANGUAGE_STANDARD = "gnu++14";
				CLANG_CXX_LIBRARY = "libc++";
				CLANG_ENABLE_MODULES = YES;
				CLANG_ENABLE_OBJC_ARC = YES;
				CLANG_WARN_BLOCK_CAPTURE_AUTORELEASING = YES;
				CLANG_WARN_BOOL_CONVERSION = YES;
				CLANG_WARN_COMMA = YES;
				CLANG_WARN_CONSTANT_CONVERSION = YES;
				CLANG_WARN_DIRECT_OBJC_ISA_USAGE = YES_ERROR;
				CLANG_WARN_DOCUMENTATION_COMMENTS = YES;
				CLANG_WARN_EMPTY_BODY = YES;
				CLANG_WARN_ENUM_CONVERSION = YES;
				CLANG_WARN_INFINITE_RECURSION = YES;
				CLANG_WARN_INT_CONVERSION = YES;
				CLANG_WARN_NON_LITERAL_NULL_CONVERSION = YES;
				CLANG_WARN_OBJC_LITERAL_CONVERSION = YES;
				CLANG_WARN_OBJC_ROOT_CLASS = YES_ERROR;
				CLANG_WARN_RANGE_LOOP_ANALYSIS = YES;
				CLANG_WARN_STRICT_PROTOTYPES = YES;
				CLANG_WARN_SUSPICIOUS_MOVE = YES;
				CLANG_WARN_UNGUARDED_AVAILABILITY = YES_AGGRESSIVE;
				CLANG_WARN_UNREACHABLE_CODE = YES;
				CLANG_WARN__DUPLICATE_METHOD_MATCH = YES;
				CODE_SIGN_IDENTITY = "iPhone Developer";
				COPY_PHASE_STRIP = NO;
				DEBUG_INFORMATION_FORMAT = dwarf;
				ENABLE_STRICT_OBJC_MSGSEND = YES;
				ENABLE_TESTABILITY = YES;
				GCC_C_LANGUAGE_STANDARD = gnu11;
				GCC_DYNAMIC_NO_PIC = NO;
				GCC_NO_COMMON_BLOCKS = YES;
				GCC_OPTIMIZATION_LEVEL = 0;
				GCC_PREPROCESSOR_DEFINITIONS = (
					"DEBUG=1",
					"$(inherited)",
				);
				GCC_WARN_64_TO_32_BIT_CONVERSION = YES;
				GCC_WARN_ABOUT_RETURN_TYPE = YES_ERROR;
				GCC_WARN_UNDECLARED_SELECTOR = YES;
				GCC_WARN_UNINITIALIZED_AUTOS = YES_AGGRESSIVE;
				GCC_WARN_UNUSED_FUNCTION = YES;
				GCC_WARN_UNUSED_VARIABLE = YES;
				IPHONEOS_DEPLOYMENT_TARGET = 11.2;
				MTL_ENABLE_DEBUG_INFO = YES;
				ONLY_ACTIVE_ARCH = YES;
				SDKROOT = iphoneos;
			};
			name = Debug;
		};
		2387E7372064E0A40016AAB7 /* Release */ = {
			isa = XCBuildConfiguration;
			buildSettings = {
				ALWAYS_SEARCH_USER_PATHS = NO;
				CLANG_ANALYZER_NONNULL = YES;
				CLANG_ANALYZER_NUMBER_OBJECT_CONVERSION = YES_AGGRESSIVE;
				CLANG_CXX_LANGUAGE_STANDARD = "gnu++14";
				CLANG_CXX_LIBRARY = "libc++";
				CLANG_ENABLE_MODULES = YES;
				CLANG_ENABLE_OBJC_ARC = YES;
				CLANG_WARN_BLOCK_CAPTURE_AUTORELEASING = YES;
				CLANG_WARN_BOOL_CONVERSION = YES;
				CLANG_WARN_COMMA = YES;
				CLANG_WARN_CONSTANT_CONVERSION = YES;
				CLANG_WARN_DIRECT_OBJC_ISA_USAGE = YES_ERROR;
				CLANG_WARN_DOCUMENTATION_COMMENTS = YES;
				CLANG_WARN_EMPTY_BODY = YES;
				CLANG_WARN_ENUM_CONVERSION = YES;
				CLANG_WARN_INFINITE_RECURSION = YES;
				CLANG_WARN_INT_CONVERSION = YES;
				CLANG_WARN_NON_LITERAL_NULL_CONVERSION = YES;
				CLANG_WARN_OBJC_LITERAL_CONVERSION = YES;
				CLANG_WARN_OBJC_ROOT_CLASS = YES_ERROR;
				CLANG_WARN_RANGE_LOOP_ANALYSIS = YES;
				CLANG_WARN_STRICT_PROTOTYPES = YES;
				CLANG_WARN_SUSPICIOUS_MOVE = YES;
				CLANG_WARN_UNGUARDED_AVAILABILITY = YES_AGGRESSIVE;
				CLANG_WARN_UNREACHABLE_CODE = YES;
				CLANG_WARN__DUPLICATE_METHOD_MATCH = YES;
				CODE_SIGN_IDENTITY = "iPhone Developer";
				COPY_PHASE_STRIP = NO;
				DEBUG_INFORMATION_FORMAT = "dwarf-with-dsym";
				ENABLE_NS_ASSERTIONS = NO;
				ENABLE_STRICT_OBJC_MSGSEND = YES;
				GCC_C_LANGUAGE_STANDARD = gnu11;
				GCC_NO_COMMON_BLOCKS = YES;
				GCC_WARN_64_TO_32_BIT_CONVERSION = YES;
				GCC_WARN_ABOUT_RETURN_TYPE = YES_ERROR;
				GCC_WARN_UNDECLARED_SELECTOR = YES;
				GCC_WARN_UNINITIALIZED_AUTOS = YES_AGGRESSIVE;
				GCC_WARN_UNUSED_FUNCTION = YES;
				GCC_WARN_UNUSED_VARIABLE = YES;
				IPHONEOS_DEPLOYMENT_TARGET = 11.2;
				MTL_ENABLE_DEBUG_INFO = NO;
				SDKROOT = iphoneos;
				VALIDATE_PRODUCT = YES;
			};
			name = Release;
		};
		2387E7392064E0A40016AAB7 /* Debug */ = {
			isa = XCBuildConfiguration;
			buildSettings = {
				ASSETCATALOG_COMPILER_APPICON_NAME = AppIcon;
				ASSETCATALOG_COMPILER_LAUNCHIMAGE_NAME = LaunchImage;
				CODE_SIGN_STYLE = Automatic;
				INFOPLIST_FILE = ZGStartMovie/Info.plist;
				LD_RUNPATH_SEARCH_PATHS = "$(inherited) @executable_path/Frameworks";
				PRODUCT_BUNDLE_IDENTIFIER = offcn.ZGStartMovie;
				PRODUCT_NAME = "$(TARGET_NAME)";
				TARGETED_DEVICE_FAMILY = "1,2";
			};
			name = Debug;
		};
		2387E73A2064E0A40016AAB7 /* Release */ = {
			isa = XCBuildConfiguration;
			buildSettings = {
				ASSETCATALOG_COMPILER_APPICON_NAME = AppIcon;
				ASSETCATALOG_COMPILER_LAUNCHIMAGE_NAME = LaunchImage;
				CODE_SIGN_STYLE = Automatic;
				INFOPLIST_FILE = ZGStartMovie/Info.plist;
				LD_RUNPATH_SEARCH_PATHS = "$(inherited) @executable_path/Frameworks";
				PRODUCT_BUNDLE_IDENTIFIER = offcn.ZGStartMovie;
				PRODUCT_NAME = "$(TARGET_NAME)";
				TARGETED_DEVICE_FAMILY = "1,2";
			};
			name = Release;
		};
/* End XCBuildConfiguration section */

/* Begin XCConfigurationList section */
		2387E71D2064E0A40016AAB7 /* Build configuration list for PBXProject "ZGStartMovie" */ = {
			isa = XCConfigurationList;
			buildConfigurations = (
				2387E7362064E0A40016AAB7 /* Debug */,
				2387E7372064E0A40016AAB7 /* Release */,
			);
			defaultConfigurationIsVisible = 0;
			defaultConfigurationName = Release;
		};
		2387E7382064E0A40016AAB7 /* Build configuration list for PBXNativeTarget "ZGStartMovie" */ = {
			isa = XCConfigurationList;
			buildConfigurations = (
				2387E7392064E0A40016AAB7 /* Debug */,
				2387E73A2064E0A40016AAB7 /* Release */,
			);
			defaultConfigurationIsVisible = 0;
			defaultConfigurationName = Release;
		};
/* End XCConfigurationList section */
	};
	rootObject = 2387E71A2064E0A40016AAB7 /* Project object */;
}
